
Microsoft Visual Studio Solution File, Format Version 12.00
# Visual Studio Version 17
VisualStudioVersion = 17.14.36717.8
MinimumVisualStudioVersion = 10.0.40219.1
Project("{FAE04EC0-301F-11D3-BF4B-00C04F79EFBC}") = "ShriGo", "ShriGo.csproj", "{B6B1F73B-2D32-4C1B-8484-69812C802B23}"
EndProject
Global
	GlobalSection(SolutionConfigurationPlatforms) = preSolution
		Debug|Any CPU = Debug|Any CPU
		Release|Any CPU = Release|Any CPU
	EndGlobalSection
	GlobalSection(ProjectConfigurationPlatforms) = postSolution
		{B6B1F73B-2D32-4C1B-8484-69812C802B23}.Debug|Any CPU.ActiveCfg = Debug|Any CPU
		{B6B1F73B-2D32-4C1B-8484-69812C802B23}.Debug|Any CPU.Build.0 = Debug|Any CPU
		{B6B1F73B-2D32-4C1B-8484-69812C802B23}.Release|Any CPU.ActiveCfg = Release|Any CPU
		{B6B1F73B-2D32-4C1B-8484-69812C802B23}.Release|Any CPU.Build.0 = Release|Any CPU
	EndGlobalSection
	GlobalSection(SolutionProperties) = preSolution
		HideSolutionNode = FALSE
	EndGlobalSection
	GlobalSection(ExtensibilityGlobals) = postSolution
		SolutionGuid = {D5076CB2-584B-458C-B91C-B4D8BA71F136}
	EndGlobalSection
EndGlobal
